// !$*UTF8*$!
{
	archiveVersion = 1;
	classes = {
	};
	objectVersion = 77;
	objects = {

/* Begin PBXBuildFile section */
		A0387AFE2F18067F007F9146 /* UIKitLoadingView.swift in Sources */ = {isa = PBXBuildFile; fileRef = A0387AFD2F18067F007F9146 /* UIKitLoadingView.swift */; };
		A0387B062F18554B007F9146 /* ReachabilityManagerInput.swift in Sources */ = {isa = PBXBuildFile; fileRef = A0387B052F18554B007F9146 /* ReachabilityManagerInput.swift */; };
		A0387B092F18559C007F9146 /* ReachabilityManager.swift in Sources */ = {isa = PBXBuildFile; fileRef = A0387B082F18559C007F9146 /* ReachabilityManager.swift */; };
		A0387B0B2F1862EC007F9146 /* AppEnvironment.swift in Sources */ = {isa = PBXBuildFile; fileRef = A0387B0A2F1862EC007F9146 /* AppEnvironment.swift */; };
		A0387B372F18BF3C007F9146 /* MainFlowView.swift in Sources */ = {isa = PBXBuildFile; fileRef = A0387B362F18BF3C007F9146 /* MainFlowView.swift */; };
		A0387B3A2F18BF78007F9146 /* MyRepositoriesView.swift in Sources */ = {isa = PBXBuildFile; fileRef = A0387B392F18BF78007F9146 /* MyRepositoriesView.swift */; };
		A0387B3F2F18C012007F9146 /* AllUsersView.swift in Sources */ = {isa = PBXBuildFile; fileRef = A0387B3E2F18C012007F9146 /* AllUsersView.swift */; };
		A0387B412F18C02E007F9146 /* MusicPlayerView.swift in Sources */ = {isa = PBXBuildFile; fileRef = A0387B402F18C02E007F9146 /* MusicPlayerView.swift */; };
		A0387B432F18C03C007F9146 /* ProfileView.swift in Sources */ = {isa = PBXBuildFile; fileRef = A0387B422F18C03C007F9146 /* ProfileView.swift */; };
		A0387B492F18CAF8007F9146 /* ProfileViewModel.swift in Sources */ = {isa = PBXBuildFile; fileRef = A0387B482F18CAF8007F9146 /* ProfileViewModel.swift */; };
		A0387B4D2F18D7FE007F9146 /* SettingsView.swift in Sources */ = {isa = PBXBuildFile; fileRef = A0387B4C2F18D7FE007F9146 /* SettingsView.swift */; };
		A0387B4F2F18D894007F9146 /* AppTheme.swift in Sources */ = {isa = PBXBuildFile; fileRef = A0387B4E2F18D894007F9146 /* AppTheme.swift */; };
		A0560EE12F1D5CCE00C9E4CC /* MyRepositoriesViewModel.swift in Sources */ = {isa = PBXBuildFile; fileRef = A0560EE02F1D5CCE00C9E4CC /* MyRepositoriesViewModel.swift */; };
		A0560EE42F1D5D0900C9E4CC /* Repository.swift in Sources */ = {isa = PBXBuildFile; fileRef = A0560EE32F1D5D0900C9E4CC /* Repository.swift */; };
		A0560EE72F1D5D9B00C9E4CC /* MyRepositoriesRequest.swift in Sources */ = {isa = PBXBuildFile; fileRef = A0560EE62F1D5D9B00C9E4CC /* MyRepositoriesRequest.swift */; };
		A0560EEA2F1D6A5800C9E4CC /* MyRepositoriesManager.swift in Sources */ = {isa = PBXBuildFile; fileRef = A0560EE92F1D6A5800C9E4CC /* MyRepositoriesManager.swift */; };
		A0560EEE2F1D815C00C9E4CC /* NothingFoundView.swift in Sources */ = {isa = PBXBuildFile; fileRef = A0560EED2F1D815C00C9E4CC /* NothingFoundView.swift */; };
		A0560EF02F1E3FEA00C9E4CC /* MyRepositorycell.swift in Sources */ = {isa = PBXBuildFile; fileRef = A0560EEF2F1E3FE900C9E4CC /* MyRepositorycell.swift */; };
		A0560EF32F1E419200C9E4CC /* RepositoryPrivacy.swift in Sources */ = {isa = PBXBuildFile; fileRef = A0560EF22F1E419200C9E4CC /* RepositoryPrivacy.swift */; };
		A0560EF52F1E41CC00C9E4CC /* Date+Extensions.swift in Sources */ = {isa = PBXBuildFile; fileRef = A0560EF42F1E41CC00C9E4CC /* Date+Extensions.swift */; };
		A0560EF92F1E420100C9E4CC /* Bool+Extensions.swift in Sources */ = {isa = PBXBuildFile; fileRef = A0560EF82F1E420100C9E4CC /* Bool+Extensions.swift */; };
		A0560EFC2F1E69FC00C9E4CC /* RemoteImage.swift in Sources */ = {isa = PBXBuildFile; fileRef = A0560EFB2F1E69FC00C9E4CC /* RemoteImage.swift */; };
		A0560EFF2F1E6F3A00C9E4CC /* R.swift in Sources */ = {isa = PBXBuildFile; fileRef = A0560EFE2F1E6F3A00C9E4CC /* R.swift */; };
		A05C6B4B2F278222002DA56B /* AudioFileItem.swift in Sources */ = {isa = PBXBuildFile; fileRef = A05C6B4A2F278222002DA56B /* AudioFileItem.swift */; };
		A05C6B4E2F27B9BD002DA56B /* Int+Extensions.swift in Sources */ = {isa = PBXBuildFile; fileRef = A05C6B4D2F27B9BD002DA56B /* Int+Extensions.swift */; };
		A05C6B502F27C51A002DA56B /* AudioCell.swift in Sources */ = {isa = PBXBuildFile; fileRef = A05C6B4F2F27C51A002DA56B /* AudioCell.swift */; };
		A05C6B542F27C5D3002DA56B /* ArtworkImage.swift in Sources */ = {isa = PBXBuildFile; fileRef = A05C6B532F27C5D3002DA56B /* ArtworkImage.swift */; };
		A05C6B562F27CCC8002DA56B /* TimeInterval+Extensions.swift in Sources */ = {isa = PBXBuildFile; fileRef = A05C6B552F27CCC8002DA56B /* TimeInterval+Extensions.swift */; };
		A05CDC962F28EDD7002E35D0 /* AudioFileError.swift in Sources */ = {isa = PBXBuildFile; fileRef = A05CDC952F28EDD7002E35D0 /* AudioFileError.swift */; };
		A05CDC982F2934C2002E35D0 /* AudioPlaybackManager.swift in Sources */ = {isa = PBXBuildFile; fileRef = A05CDC972F2934C2002E35D0 /* AudioPlaybackManager.swift */; };
		A05CDC9A2F2A59E4002E35D0 /* NowPlayingView.swift in Sources */ = {isa = PBXBuildFile; fileRef = A05CDC992F2A59E4002E35D0 /* NowPlayingView.swift */; };
		A05CDC9C2F2A5A8A002E35D0 /* MiniPlayingView.swift in Sources */ = {isa = PBXBuildFile; fileRef = A05CDC9B2F2A5A8A002E35D0 /* MiniPlayingView.swift */; };
		A05CDC9E2F2A5B7E002E35D0 /* ExpandedPlayingView.swift in Sources */ = {isa = PBXBuildFile; fileRef = A05CDC9D2F2A5B7E002E35D0 /* ExpandedPlayingView.swift */; };
		A05CDCA02F2A824A002E35D0 /* View+Extensions.swift in Sources */ = {isa = PBXBuildFile; fileRef = A05CDC9F2F2A824A002E35D0 /* View+Extensions.swift */; };
		A07408602F1F2D5E00CF6E6E /* AllUsersViewModel.swift in Sources */ = {isa = PBXBuildFile; fileRef = A074085F2F1F2D5E00CF6E6E /* AllUsersViewModel.swift */; };
		A07408632F1F2DB700CF6E6E /* AllUsersManager.swift in Sources */ = {isa = PBXBuildFile; fileRef = A07408622F1F2DB700CF6E6E /* AllUsersManager.swift */; };
		A07408652F1F511000CF6E6E /* User.swift in Sources */ = {isa = PBXBuildFile; fileRef = A07408642F1F511000CF6E6E /* User.swift */; };
		A07408672F1F518800CF6E6E /* AllUsersRequest.swift in Sources */ = {isa = PBXBuildFile; fileRef = A07408662F1F518800CF6E6E /* AllUsersRequest.swift */; };
		A074086A2F1FA21100CF6E6E /* UserDetaisView.swift in Sources */ = {isa = PBXBuildFile; fileRef = A07408692F1FA21100CF6E6E /* UserDetaisView.swift */; };
		A07408702F20122900CF6E6E /* ActivityIndicatorView.swift in Sources */ = {isa = PBXBuildFile; fileRef = A074086F2F20122900CF6E6E /* ActivityIndicatorView.swift */; };
		A07408722F201A3C00CF6E6E /* UserDetaisViewModel.swift in Sources */ = {isa = PBXBuildFile; fileRef = A07408712F201A3C00CF6E6E /* UserDetaisViewModel.swift */; };
		A07408762F201B0800CF6E6E /* UserDetailsRequest.swift in Sources */ = {isa = PBXBuildFile; fileRef = A07408752F201B0800CF6E6E /* UserDetailsRequest.swift */; };
		A07408782F213ED000CF6E6E /* PinchPanGestureOverlay.swift in Sources */ = {isa = PBXBuildFile; fileRef = A07408772F213ED000CF6E6E /* PinchPanGestureOverlay.swift */; };
		A074087A2F21460300CF6E6E /* PinchPanRemoteImage.swift in Sources */ = {isa = PBXBuildFile; fileRef = A07408792F21460300CF6E6E /* PinchPanRemoteImage.swift */; };
		A07C30DA2F15B1E800720BA1 /* NetworkRequest+Ext.swift in Sources */ = {isa = PBXBuildFile; fileRef = A07C30D92F15B1E800720BA1 /* NetworkRequest+Ext.swift */; };
		A07C30DC2F15B20200720BA1 /* NetworkRequest.swift in Sources */ = {isa = PBXBuildFile; fileRef = A07C30DB2F15B20200720BA1 /* NetworkRequest.swift */; };
		A07C30DE2F15B3EE00720BA1 /* NetworkManagerInput.swift in Sources */ = {isa = PBXBuildFile; fileRef = A07C30DD2F15B3EE00720BA1 /* NetworkManagerInput.swift */; };
		A07C30E02F15B40800720BA1 /* NetworkManager.swift in Sources */ = {isa = PBXBuildFile; fileRef = A07C30DF2F15B40800720BA1 /* NetworkManager.swift */; };
		A07C30E82F15B61600720BA1 /* NetworkError.swift in Sources */ = {isa = PBXBuildFile; fileRef = A07C30E72F15B61600720BA1 /* NetworkError.swift */; };
		A07C30EA2F15C04400720BA1 /* NetworkManager+Ext.swift in Sources */ = {isa = PBXBuildFile; fileRef = A07C30E92F15C04400720BA1 /* NetworkManager+Ext.swift */; };
		A07C30EC2F15DE5200720BA1 /* LoginViewModel.swift in Sources */ = {isa = PBXBuildFile; fileRef = A07C30EB2F15DE5200720BA1 /* LoginViewModel.swift */; };
		A07C30EE2F15DEE300720BA1 /* LoginViewController.swift in Sources */ = {isa = PBXBuildFile; fileRef = A07C30ED2F15DEE300720BA1 /* LoginViewController.swift */; };
		A07C30F52F15E3AA00720BA1 /* AuthorizationManager.swift in Sources */ = {isa = PBXBuildFile; fileRef = A07C30F42F15E3AA00720BA1 /* AuthorizationManager.swift */; };
		A07C30F92F15E46F00720BA1 /* LoginRequest.swift in Sources */ = {isa = PBXBuildFile; fileRef = A07C30F82F15E46F00720BA1 /* LoginRequest.swift */; };
		A07C30FB2F160EFF00720BA1 /* LoginViewController.xib in Resources */ = {isa = PBXBuildFile; fileRef = A07C30FA2F160EFF00720BA1 /* LoginViewController.xib */; };
		A0B028932F1C531D00973650 /* DefaultsStorageManagerInput.swift in Sources */ = {isa = PBXBuildFile; fileRef = A0B028922F1C531D00973650 /* DefaultsStorageManagerInput.swift */; };
		A0B028952F1C534600973650 /* DefaultsStorageManager.swift in Sources */ = {isa = PBXBuildFile; fileRef = A0B028942F1C534600973650 /* DefaultsStorageManager.swift */; };
		A0B028972F1C536000973650 /* DefaultsStorageKey.swift in Sources */ = {isa = PBXBuildFile; fileRef = A0B028962F1C536000973650 /* DefaultsStorageKey.swift */; };
		A0B028992F1C539600973650 /* FileStorageManager.swift in Sources */ = {isa = PBXBuildFile; fileRef = A0B028982F1C539600973650 /* FileStorageManager.swift */; };
		A0B0289D2F1C54B200973650 /* OnLoadModifier.swift in Sources */ = {isa = PBXBuildFile; fileRef = A0B0289C2F1C54B200973650 /* OnLoadModifier.swift */; };
		A0B0289F2F1C552300973650 /* Image+Extensions.swift in Sources */ = {isa = PBXBuildFile; fileRef = A0B0289E2F1C552300973650 /* Image+Extensions.swift */; };
		A0C4404D2F2679E70079E46F /* MusicPlayerViewModel.swift in Sources */ = {isa = PBXBuildFile; fileRef = A0C4404C2F2679E70079E46F /* MusicPlayerViewModel.swift */; };
		A0C4404F2F267A330079E46F /* AudioFileManager.swift in Sources */ = {isa = PBXBuildFile; fileRef = A0C4404E2F267A330079E46F /* AudioFileManager.swift */; };
		A0C63A162F09811C0092621B /* AppState.swift in Sources */ = {isa = PBXBuildFile; fileRef = A0C63A152F09811C0092621B /* AppState.swift */; };
		A0C63A1A2F09821B0092621B /* AppFlow.swift in Sources */ = {isa = PBXBuildFile; fileRef = A0C63A192F09821B0092621B /* AppFlow.swift */; };
		A0C63A372F106CA10092621B /* KeychainManager.swift in Sources */ = {isa = PBXBuildFile; fileRef = A0C63A362F106CA10092621B /* KeychainManager.swift */; };
		A0C63AE82F12B1160092621B /* KeychainManagerInput.swift in Sources */ = {isa = PBXBuildFile; fileRef = A0C63AE72F12B1160092621B /* KeychainManagerInput.swift */; };
		A0C63AEA2F12B1F50092621B /* Credentials.swift in Sources */ = {isa = PBXBuildFile; fileRef = A0C63AE92F12B1F50092621B /* Credentials.swift */; };
		A0C63AEC2F12B2800092621B /* KeychainError.swift in Sources */ = {isa = PBXBuildFile; fileRef = A0C63AEB2F12B2800092621B /* KeychainError.swift */; };
		A0C829E12F0491560080DF4A /* ContentView.swift in Sources */ = {isa = PBXBuildFile; fileRef = A0C829DE2F0491560080DF4A /* ContentView.swift */; };
		A0C829E22F0491560080DF4A /* GithubClientApp.swift in Sources */ = {isa = PBXBuildFile; fileRef = A0C829DF2F0491560080DF4A /* GithubClientApp.swift */; };
		A0C829E32F0491560080DF4A /* Assets.xcassets in Resources */ = {isa = PBXBuildFile; fileRef = A0C829DD2F0491560080DF4A /* Assets.xcassets */; };
		A0C829E52F0491830080DF4A /* AppIcon.icon in Resources */ = {isa = PBXBuildFile; fileRef = A0C829E42F0491820080DF4A /* AppIcon.icon */; };
		A0C829E82F0493A20080DF4A /* Launch Screen.storyboard in Resources */ = {isa = PBXBuildFile; fileRef = A0C829E72F0493A20080DF4A /* Launch Screen.storyboard */; };
		A0C829EA2F0495E30080DF4A /* Colors.xcassets in Resources */ = {isa = PBXBuildFile; fileRef = A0C829E92F0495E30080DF4A /* Colors.xcassets */; };
/* End PBXBuildFile section */

/* Begin PBXFileReference section */
		A0387AFD2F18067F007F9146 /* UIKitLoadingView.swift */ = {isa = PBXFileReference; lastKnownFileType = sourcecode.swift; path = UIKitLoadingView.swift; sourceTree = "<group>"; };
		A0387B052F18554B007F9146 /* ReachabilityManagerInput.swift */ = {isa = PBXFileReference; lastKnownFileType = sourcecode.swift; path = ReachabilityManagerInput.swift; sourceTree = "<group>"; };
		A0387B082F18559C007F9146 /* ReachabilityManager.swift */ = {isa = PBXFileReference; lastKnownFileType = sourcecode.swift; path = ReachabilityManager.swift; sourceTree = "<group>"; };
		A0387B0A2F1862EC007F9146 /* AppEnvironment.swift */ = {isa = PBXFileReference; lastKnownFileType = sourcecode.swift; path = AppEnvironment.swift; sourceTree = "<group>"; };
		A0387B362F18BF3C007F9146 /* MainFlowView.swift */ = {isa = PBXFileReference; lastKnownFileType = sourcecode.swift; path = MainFlowView.swift; sourceTree = "<group>"; };
		A0387B392F18BF78007F9146 /* MyRepositoriesView.swift */ = {isa = PBXFileReference; lastKnownFileType = sourcecode.swift; path = MyRepositoriesView.swift; sourceTree = "<group>"; };
		A0387B3E2F18C012007F9146 /* AllUsersView.swift */ = {isa = PBXFileReference; lastKnownFileType = sourcecode.swift; path = AllUsersView.swift; sourceTree = "<group>"; };
		A0387B402F18C02E007F9146 /* MusicPlayerView.swift */ = {isa = PBXFileReference; lastKnownFileType = sourcecode.swift; path = MusicPlayerView.swift; sourceTree = "<group>"; };
		A0387B422F18C03C007F9146 /* ProfileView.swift */ = {isa = PBXFileReference; lastKnownFileType = sourcecode.swift; path = ProfileView.swift; sourceTree = "<group>"; };
		A0387B482F18CAF8007F9146 /* ProfileViewModel.swift */ = {isa = PBXFileReference; lastKnownFileType = sourcecode.swift; path = ProfileViewModel.swift; sourceTree = "<group>"; };
		A0387B4C2F18D7FE007F9146 /* SettingsView.swift */ = {isa = PBXFileReference; lastKnownFileType = sourcecode.swift; path = SettingsView.swift; sourceTree = "<group>"; };
		A0387B4E2F18D894007F9146 /* AppTheme.swift */ = {isa = PBXFileReference; lastKnownFileType = sourcecode.swift; path = AppTheme.swift; sourceTree = "<group>"; };
		A0560EE02F1D5CCE00C9E4CC /* MyRepositoriesViewModel.swift */ = {isa = PBXFileReference; lastKnownFileType = sourcecode.swift; path = MyRepositoriesViewModel.swift; sourceTree = "<group>"; };
		A0560EE32F1D5D0900C9E4CC /* Repository.swift */ = {isa = PBXFileReference; lastKnownFileType = sourcecode.swift; path = Repository.swift; sourceTree = "<group>"; };
		A0560EE62F1D5D9B00C9E4CC /* MyRepositoriesRequest.swift */ = {isa = PBXFileReference; lastKnownFileType = sourcecode.swift; path = MyRepositoriesRequest.swift; sourceTree = "<group>"; };
		A0560EE92F1D6A5800C9E4CC /* MyRepositoriesManager.swift */ = {isa = PBXFileReference; lastKnownFileType = sourcecode.swift; path = MyRepositoriesManager.swift; sourceTree = "<group>"; };
		A0560EED2F1D815C00C9E4CC /* NothingFoundView.swift */ = {isa = PBXFileReference; lastKnownFileType = sourcecode.swift; path = NothingFoundView.swift; sourceTree = "<group>"; };
		A0560EEF2F1E3FE900C9E4CC /* MyRepositorycell.swift */ = {isa = PBXFileReference; lastKnownFileType = sourcecode.swift; path = MyRepositorycell.swift; sourceTree = "<group>"; };
		A0560EF22F1E419200C9E4CC /* RepositoryPrivacy.swift */ = {isa = PBXFileReference; lastKnownFileType = sourcecode.swift; path = RepositoryPrivacy.swift; sourceTree = "<group>"; };
		A0560EF42F1E41CC00C9E4CC /* Date+Extensions.swift */ = {isa = PBXFileReference; lastKnownFileType = sourcecode.swift; path = "Date+Extensions.swift"; sourceTree = "<group>"; };
		A0560EF82F1E420100C9E4CC /* Bool+Extensions.swift */ = {isa = PBXFileReference; lastKnownFileType = sourcecode.swift; path = "Bool+Extensions.swift"; sourceTree = "<group>"; };
		A0560EFB2F1E69FC00C9E4CC /* RemoteImage.swift */ = {isa = PBXFileReference; lastKnownFileType = sourcecode.swift; path = RemoteImage.swift; sourceTree = "<group>"; };
		A0560EFE2F1E6F3A00C9E4CC /* R.swift */ = {isa = PBXFileReference; lastKnownFileType = sourcecode.swift; path = R.swift; sourceTree = "<group>"; };
		A05C6B4A2F278222002DA56B /* AudioFileItem.swift */ = {isa = PBXFileReference; lastKnownFileType = sourcecode.swift; path = AudioFileItem.swift; sourceTree = "<group>"; };
		A05C6B4C2F27AAAE002DA56B /* Info.plist */ = {isa = PBXFileReference; lastKnownFileType = text.plist.xml; path = Info.plist; sourceTree = "<group>"; };
		A05C6B4D2F27B9BD002DA56B /* Int+Extensions.swift */ = {isa = PBXFileReference; lastKnownFileType = sourcecode.swift; path = "Int+Extensions.swift"; sourceTree = "<group>"; };
		A05C6B4F2F27C51A002DA56B /* AudioCell.swift */ = {isa = PBXFileReference; lastKnownFileType = sourcecode.swift; path = AudioCell.swift; sourceTree = "<group>"; };
		A05C6B532F27C5D3002DA56B /* ArtworkImage.swift */ = {isa = PBXFileReference; lastKnownFileType = sourcecode.swift; path = ArtworkImage.swift; sourceTree = "<group>"; };
		A05C6B552F27CCC8002DA56B /* TimeInterval+Extensions.swift */ = {isa = PBXFileReference; lastKnownFileType = sourcecode.swift; path = "TimeInterval+Extensions.swift"; sourceTree = "<group>"; };
		A05CDC952F28EDD7002E35D0 /* AudioFileError.swift */ = {isa = PBXFileReference; lastKnownFileType = sourcecode.swift; path = AudioFileError.swift; sourceTree = "<group>"; };
		A05CDC972F2934C2002E35D0 /* AudioPlaybackManager.swift */ = {isa = PBXFileReference; lastKnownFileType = sourcecode.swift; path = AudioPlaybackManager.swift; sourceTree = "<group>"; };
		A05CDC992F2A59E4002E35D0 /* NowPlayingView.swift */ = {isa = PBXFileReference; lastKnownFileType = sourcecode.swift; path = NowPlayingView.swift; sourceTree = "<group>"; };
		A05CDC9B2F2A5A8A002E35D0 /* MiniPlayingView.swift */ = {isa = PBXFileReference; lastKnownFileType = sourcecode.swift; path = MiniPlayingView.swift; sourceTree = "<group>"; };
		A05CDC9D2F2A5B7E002E35D0 /* ExpandedPlayingView.swift */ = {isa = PBXFileReference; lastKnownFileType = sourcecode.swift; path = ExpandedPlayingView.swift; sourceTree = "<group>"; };
		A05CDC9F2F2A824A002E35D0 /* View+Extensions.swift */ = {isa = PBXFileReference; lastKnownFileType = sourcecode.swift; path = "View+Extensions.swift"; sourceTree = "<group>"; };
		A074085F2F1F2D5E00CF6E6E /* AllUsersViewModel.swift */ = {isa = PBXFileReference; lastKnownFileType = sourcecode.swift; path = AllUsersViewModel.swift; sourceTree = "<group>"; };
		A07408622F1F2DB700CF6E6E /* AllUsersManager.swift */ = {isa = PBXFileReference; lastKnownFileType = sourcecode.swift; path = AllUsersManager.swift; sourceTree = "<group>"; };
		A07408642F1F511000CF6E6E /* User.swift */ = {isa = PBXFileReference; lastKnownFileType = sourcecode.swift; path = User.swift; sourceTree = "<group>"; };
		A07408662F1F518800CF6E6E /* AllUsersRequest.swift */ = {isa = PBXFileReference; lastKnownFileType = sourcecode.swift; path = AllUsersRequest.swift; sourceTree = "<group>"; };
		A07408692F1FA21100CF6E6E /* UserDetaisView.swift */ = {isa = PBXFileReference; lastKnownFileType = sourcecode.swift; path = UserDetaisView.swift; sourceTree = "<group>"; };
		A074086F2F20122900CF6E6E /* ActivityIndicatorView.swift */ = {isa = PBXFileReference; lastKnownFileType = sourcecode.swift; path = ActivityIndicatorView.swift; sourceTree = "<group>"; };
		A07408712F201A3C00CF6E6E /* UserDetaisViewModel.swift */ = {isa = PBXFileReference; lastKnownFileType = sourcecode.swift; path = UserDetaisViewModel.swift; sourceTree = "<group>"; };
		A07408752F201B0800CF6E6E /* UserDetailsRequest.swift */ = {isa = PBXFileReference; lastKnownFileType = sourcecode.swift; path = UserDetailsRequest.swift; sourceTree = "<group>"; };
		A07408772F213ED000CF6E6E /* PinchPanGestureOverlay.swift */ = {isa = PBXFileReference; lastKnownFileType = sourcecode.swift; path = PinchPanGestureOverlay.swift; sourceTree = "<group>"; };
		A07408792F21460300CF6E6E /* PinchPanRemoteImage.swift */ = {isa = PBXFileReference; lastKnownFileType = sourcecode.swift; path = PinchPanRemoteImage.swift; sourceTree = "<group>"; };
		A07C30D92F15B1E800720BA1 /* NetworkRequest+Ext.swift */ = {isa = PBXFileReference; lastKnownFileType = sourcecode.swift; path = "NetworkRequest+Ext.swift"; sourceTree = "<group>"; };
		A07C30DB2F15B20200720BA1 /* NetworkRequest.swift */ = {isa = PBXFileReference; lastKnownFileType = sourcecode.swift; path = NetworkRequest.swift; sourceTree = "<group>"; };
		A07C30DD2F15B3EE00720BA1 /* NetworkManagerInput.swift */ = {isa = PBXFileReference; lastKnownFileType = sourcecode.swift; path = NetworkManagerInput.swift; sourceTree = "<group>"; };
		A07C30DF2F15B40800720BA1 /* NetworkManager.swift */ = {isa = PBXFileReference; lastKnownFileType = sourcecode.swift; path = NetworkManager.swift; sourceTree = "<group>"; };
		A07C30E72F15B61600720BA1 /* NetworkError.swift */ = {isa = PBXFileReference; lastKnownFileType = sourcecode.swift; path = NetworkError.swift; sourceTree = "<group>"; };
		A07C30E92F15C04400720BA1 /* NetworkManager+Ext.swift */ = {isa = PBXFileReference; lastKnownFileType = sourcecode.swift; path = "NetworkManager+Ext.swift"; sourceTree = "<group>"; };
		A07C30EB2F15DE5200720BA1 /* LoginViewModel.swift */ = {isa = PBXFileReference; lastKnownFileType = sourcecode.swift; path = LoginViewModel.swift; sourceTree = "<group>"; };
		A07C30ED2F15DEE300720BA1 /* LoginViewController.swift */ = {isa = PBXFileReference; lastKnownFileType = sourcecode.swift; path = LoginViewController.swift; sourceTree = "<group>"; };
		A07C30F42F15E3AA00720BA1 /* AuthorizationManager.swift */ = {isa = PBXFileReference; lastKnownFileType = sourcecode.swift; path = AuthorizationManager.swift; sourceTree = "<group>"; };
		A07C30F82F15E46F00720BA1 /* LoginRequest.swift */ = {isa = PBXFileReference; lastKnownFileType = sourcecode.swift; path = LoginRequest.swift; sourceTree = "<group>"; };
		A07C30FA2F160EFF00720BA1 /* LoginViewController.xib */ = {isa = PBXFileReference; lastKnownFileType = file.xib; path = LoginViewController.xib; sourceTree = "<group>"; };
		A0B028922F1C531D00973650 /* DefaultsStorageManagerInput.swift */ = {isa = PBXFileReference; lastKnownFileType = sourcecode.swift; path = DefaultsStorageManagerInput.swift; sourceTree = "<group>"; };
		A0B028942F1C534600973650 /* DefaultsStorageManager.swift */ = {isa = PBXFileReference; lastKnownFileType = sourcecode.swift; path = DefaultsStorageManager.swift; sourceTree = "<group>"; };
		A0B028962F1C536000973650 /* DefaultsStorageKey.swift */ = {isa = PBXFileReference; lastKnownFileType = sourcecode.swift; path = DefaultsStorageKey.swift; sourceTree = "<group>"; };
		A0B028982F1C539600973650 /* FileStorageManager.swift */ = {isa = PBXFileReference; lastKnownFileType = sourcecode.swift; path = FileStorageManager.swift; sourceTree = "<group>"; };
		A0B0289C2F1C54B200973650 /* OnLoadModifier.swift */ = {isa = PBXFileReference; lastKnownFileType = sourcecode.swift; path = OnLoadModifier.swift; sourceTree = "<group>"; };
		A0B0289E2F1C552300973650 /* Image+Extensions.swift */ = {isa = PBXFileReference; lastKnownFileType = sourcecode.swift; path = "Image+Extensions.swift"; sourceTree = "<group>"; };
		A0C4404C2F2679E70079E46F /* MusicPlayerViewModel.swift */ = {isa = PBXFileReference; lastKnownFileType = sourcecode.swift; path = MusicPlayerViewModel.swift; sourceTree = "<group>"; };
		A0C4404E2F267A330079E46F /* AudioFileManager.swift */ = {isa = PBXFileReference; lastKnownFileType = sourcecode.swift; path = AudioFileManager.swift; sourceTree = "<group>"; };
		A0C63A152F09811C0092621B /* AppState.swift */ = {isa = PBXFileReference; lastKnownFileType = sourcecode.swift; path = AppState.swift; sourceTree = "<group>"; };
		A0C63A192F09821B0092621B /* AppFlow.swift */ = {isa = PBXFileReference; lastKnownFileType = sourcecode.swift; path = AppFlow.swift; sourceTree = "<group>"; };
		A0C63A362F106CA10092621B /* KeychainManager.swift */ = {isa = PBXFileReference; lastKnownFileType = sourcecode.swift; path = KeychainManager.swift; sourceTree = "<group>"; };
		A0C63AE72F12B1160092621B /* KeychainManagerInput.swift */ = {isa = PBXFileReference; lastKnownFileType = sourcecode.swift; path = KeychainManagerInput.swift; sourceTree = "<group>"; };
		A0C63AE92F12B1F50092621B /* Credentials.swift */ = {isa = PBXFileReference; lastKnownFileType = sourcecode.swift; path = Credentials.swift; sourceTree = "<group>"; };
		A0C63AEB2F12B2800092621B /* KeychainError.swift */ = {isa = PBXFileReference; lastKnownFileType = sourcecode.swift; path = KeychainError.swift; sourceTree = "<group>"; };
		A0C829DD2F0491560080DF4A /* Assets.xcassets */ = {isa = PBXFileReference; lastKnownFileType = folder.assetcatalog; path = Assets.xcassets; sourceTree = "<group>"; };
		A0C829DE2F0491560080DF4A /* ContentView.swift */ = {isa = PBXFileReference; lastKnownFileType = sourcecode.swift; path = ContentView.swift; sourceTree = "<group>"; };
		A0C829DF2F0491560080DF4A /* GithubClientApp.swift */ = {isa = PBXFileReference; lastKnownFileType = sourcecode.swift; path = GithubClientApp.swift; sourceTree = "<group>"; };
		A0C829E42F0491820080DF4A /* AppIcon.icon */ = {isa = PBXFileReference; lastKnownFileType = folder.iconcomposer.icon; path = AppIcon.icon; sourceTree = "<group>"; };
		A0C829E72F0493A20080DF4A /* Launch Screen.storyboard */ = {isa = PBXFileReference; lastKnownFileType = file.storyboard; path = "Launch Screen.storyboard"; sourceTree = "<group>"; };
		A0C829E92F0495E30080DF4A /* Colors.xcassets */ = {isa = PBXFileReference; lastKnownFileType = folder.assetcatalog; path = Colors.xcassets; sourceTree = "<group>"; };
		A0FAED7C2F00664200CA1BE6 /* GithubClient.app */ = {isa = PBXFileReference; explicitFileType = wrapper.application; includeInIndex = 0; path = GithubClient.app; sourceTree = BUILT_PRODUCTS_DIR; };
/* End PBXFileReference section */

/* Begin PBXFrameworksBuildPhase section */
		A0FAED792F00664200CA1BE6 /* Frameworks */ = {
			isa = PBXFrameworksBuildPhase;
			buildActionMask = 2147483647;
			files = (
			);
			runOnlyForDeploymentPostprocessing = 0;
		};
/* End PBXFrameworksBuildPhase section */

/* Begin PBXGroup section */
		A0387AF22F1678DE007F9146 /* View */ = {
			isa = PBXGroup;
			children = (
				A07C30ED2F15DEE300720BA1 /* LoginViewController.swift */,
				A07C30FA2F160EFF00720BA1 /* LoginViewController.xib */,
			);
			path = View;
			sourceTree = "<group>";
		};
		A0387AF32F1678E4007F9146 /* ViewModel */ = {
			isa = PBXGroup;
			children = (
				A07C30EB2F15DE5200720BA1 /* LoginViewModel.swift */,
			);
			path = ViewModel;
			sourceTree = "<group>";
		};
		A0387AF42F168316007F9146 /* AuthManager */ = {
			isa = PBXGroup;
			children = (
				A07C30F42F15E3AA00720BA1 /* AuthorizationManager.swift */,
			);
			path = AuthManager;
			sourceTree = "<group>";
		};
		A0387B022F1822E5007F9146 /* LoginView */ = {
			isa = PBXGroup;
			children = (
				A0387AF32F1678E4007F9146 /* ViewModel */,
				A0387AF22F1678DE007F9146 /* View */,
			);
			path = LoginView;
			sourceTree = "<group>";
		};
		A0387B032F185530007F9146 /* ReachabilityManager */ = {
			isa = PBXGroup;
			children = (
				A0387B052F18554B007F9146 /* ReachabilityManagerInput.swift */,
				A0387B082F18559C007F9146 /* ReachabilityManager.swift */,
			);
			path = ReachabilityManager;
			sourceTree = "<group>";
		};
		A0387B382F18BF46007F9146 /* MyRepositories */ = {
			isa = PBXGroup;
			children = (
				A0560EE82F1D608900C9E4CC /* MyRepositories */,
				A0560EE52F1D5D4F00C9E4CC /* Utils */,
			);
			path = MyRepositories;
			sourceTree = "<group>";
		};
		A0387B3B2F18BFA3007F9146 /* AllUsers */ = {
			isa = PBXGroup;
			children = (
				A07408682F1FA1F900CF6E6E /* UserDetails */,
				A074085B2F1F2CCB00CF6E6E /* AllUsers */,
				A07408612F1F2DA500CF6E6E /* Utils */,
			);
			path = AllUsers;
			sourceTree = "<group>";
		};
		A0387B3C2F18BFB4007F9146 /* MusicPlayer */ = {
			isa = PBXGroup;
			children = (
				A05C6B572F27E40F002DA56B /* Model */,
				A05C6B582F27E416002DA56B /* ViewModel */,
				A05C6B512F27C5AE002DA56B /* View */,
				A05C6B592F280197002DA56B /* Utils */,
			);
			path = MusicPlayer;
			sourceTree = "<group>";
		};
		A0387B3D2F18BFC4007F9146 /* Profile */ = {
			isa = PBXGroup;
			children = (
				A0387B4A2F18D7A3007F9146 /* Profile */,
				A0387B4B2F18D7D8007F9146 /* Settings */,
			);
			path = Profile;
			sourceTree = "<group>";
		};
		A0387B4A2F18D7A3007F9146 /* Profile */ = {
			isa = PBXGroup;
			children = (
				A0387B482F18CAF8007F9146 /* ProfileViewModel.swift */,
				A0387B422F18C03C007F9146 /* ProfileView.swift */,
			);
			path = Profile;
			sourceTree = "<group>";
		};
		A0387B4B2F18D7D8007F9146 /* Settings */ = {
			isa = PBXGroup;
			children = (
				A0387B4C2F18D7FE007F9146 /* SettingsView.swift */,
			);
			path = Settings;
			sourceTree = "<group>";
		};
		A0560EE22F1D5CF600C9E4CC /* Model */ = {
			isa = PBXGroup;
			children = (
				A0560EE32F1D5D0900C9E4CC /* Repository.swift */,
				A0560EF22F1E419200C9E4CC /* RepositoryPrivacy.swift */,
			);
			path = Model;
			sourceTree = "<group>";
		};
		A0560EE52F1D5D4F00C9E4CC /* Utils */ = {
			isa = PBXGroup;
			children = (
				A0560EE62F1D5D9B00C9E4CC /* MyRepositoriesRequest.swift */,
				A0560EE92F1D6A5800C9E4CC /* MyRepositoriesManager.swift */,
			);
			path = Utils;
			sourceTree = "<group>";
		};
		A0560EE82F1D608900C9E4CC /* MyRepositories */ = {
			isa = PBXGroup;
			children = (
				A0560EE22F1D5CF600C9E4CC /* Model */,
				A0560EF12F1E418700C9E4CC /* ViewModel */,
				A0560EFA2F1E426E00C9E4CC /* View */,
			);
			path = MyRepositories;
			sourceTree = "<group>";
		};
		A0560EEB2F1D813000C9E4CC /* Utils */ = {
			isa = PBXGroup;
			children = (
				A0560EFD2F1E6F2700C9E4CC /* Constants */,
				A0560EEC2F1D813D00C9E4CC /* Design */,
			);
			path = Utils;
			sourceTree = "<group>";
		};
		A0560EEC2F1D813D00C9E4CC /* Design */ = {
			isa = PBXGroup;
			children = (
				A0560EED2F1D815C00C9E4CC /* NothingFoundView.swift */,
				A0560EFB2F1E69FC00C9E4CC /* RemoteImage.swift */,
				A07408792F21460300CF6E6E /* PinchPanRemoteImage.swift */,
				A07408772F213ED000CF6E6E /* PinchPanGestureOverlay.swift */,
				A074086F2F20122900CF6E6E /* ActivityIndicatorView.swift */,
			);
			path = Design;
			sourceTree = "<group>";
		};
		A0560EF12F1E418700C9E4CC /* ViewModel */ = {
			isa = PBXGroup;
			children = (
				A0560EE02F1D5CCE00C9E4CC /* MyRepositoriesViewModel.swift */,
			);
			path = ViewModel;
			sourceTree = "<group>";
		};
		A0560EFA2F1E426E00C9E4CC /* View */ = {
			isa = PBXGroup;
			children = (
				A0387B392F18BF78007F9146 /* MyRepositoriesView.swift */,
				A0560EEF2F1E3FE900C9E4CC /* MyRepositorycell.swift */,
			);
			path = View;
			sourceTree = "<group>";
		};
		A0560EFD2F1E6F2700C9E4CC /* Constants */ = {
			isa = PBXGroup;
			children = (
				A0560EFE2F1E6F3A00C9E4CC /* R.swift */,
			);
			path = Constants;
			sourceTree = "<group>";
		};
		A05C6B512F27C5AE002DA56B /* View */ = {
			isa = PBXGroup;
			children = (
				A0387B402F18C02E007F9146 /* MusicPlayerView.swift */,
				A05CDC992F2A59E4002E35D0 /* NowPlayingView.swift */,
				A05CDC9B2F2A5A8A002E35D0 /* MiniPlayingView.swift */,
				A05CDC9D2F2A5B7E002E35D0 /* ExpandedPlayingView.swift */,
				A05C6B522F27C5B7002DA56B /* Components */,
			);
			path = View;
			sourceTree = "<group>";
		};
		A05C6B522F27C5B7002DA56B /* Components */ = {
			isa = PBXGroup;
			children = (
				A05C6B4F2F27C51A002DA56B /* AudioCell.swift */,
				A05C6B532F27C5D3002DA56B /* ArtworkImage.swift */,
			);
			path = Components;
			sourceTree = "<group>";
		};
		A05C6B572F27E40F002DA56B /* Model */ = {
			isa = PBXGroup;
			children = (
				A05C6B4A2F278222002DA56B /* AudioFileItem.swift */,
			);
			path = Model;
			sourceTree = "<group>";
		};
		A05C6B582F27E416002DA56B /* ViewModel */ = {
			isa = PBXGroup;
			children = (
				A0C4404C2F2679E70079E46F /* MusicPlayerViewModel.swift */,
			);
			path = ViewModel;
			sourceTree = "<group>";
		};
		A05C6B592F280197002DA56B /* Utils */ = {
			isa = PBXGroup;
			children = (
				A05CDC972F2934C2002E35D0 /* AudioPlaybackManager.swift */,
				A0C4404E2F267A330079E46F /* AudioFileManager.swift */,
				A05CDC952F28EDD7002E35D0 /* AudioFileError.swift */,
			);
			path = Utils;
			sourceTree = "<group>";
		};
		A074085B2F1F2CCB00CF6E6E /* AllUsers */ = {
			isa = PBXGroup;
			children = (
				A074085E2F1F2D3400CF6E6E /* Model */,
				A074085D2F1F2D2900CF6E6E /* ViewModel */,
				A074085C2F1F2D1E00CF6E6E /* View */,
			);
			path = AllUsers;
			sourceTree = "<group>";
		};
		A074085C2F1F2D1E00CF6E6E /* View */ = {
			isa = PBXGroup;
			children = (
				A0387B3E2F18C012007F9146 /* AllUsersView.swift */,
			);
			path = View;
			sourceTree = "<group>";
		};
		A074085D2F1F2D2900CF6E6E /* ViewModel */ = {
			isa = PBXGroup;
			children = (
				A074085F2F1F2D5E00CF6E6E /* AllUsersViewModel.swift */,
			);
			path = ViewModel;
			sourceTree = "<group>";
		};
		A074085E2F1F2D3400CF6E6E /* Model */ = {
			isa = PBXGroup;
			children = (
				A07408642F1F511000CF6E6E /* User.swift */,
			);
			path = Model;
			sourceTree = "<group>";
		};
		A07408612F1F2DA500CF6E6E /* Utils */ = {
			isa = PBXGroup;
			children = (
				A07408662F1F518800CF6E6E /* AllUsersRequest.swift */,
				A07408752F201B0800CF6E6E /* UserDetailsRequest.swift */,
				A07408622F1F2DB700CF6E6E /* AllUsersManager.swift */,
			);
			path = Utils;
			sourceTree = "<group>";
		};
		A07408682F1FA1F900CF6E6E /* UserDetails */ = {
			isa = PBXGroup;
			children = (
				A07408742F201A4A00CF6E6E /* ViewModel */,
				A07408732F201A4500CF6E6E /* View */,
			);
			path = UserDetails;
			sourceTree = "<group>";
		};
		A07408732F201A4500CF6E6E /* View */ = {
			isa = PBXGroup;
			children = (
				A07408692F1FA21100CF6E6E /* UserDetaisView.swift */,
			);
			path = View;
			sourceTree = "<group>";
		};
		A07408742F201A4A00CF6E6E /* ViewModel */ = {
			isa = PBXGroup;
			children = (
				A07408712F201A3C00CF6E6E /* UserDetaisViewModel.swift */,
			);
			path = ViewModel;
			sourceTree = "<group>";
		};
		A07C30D42F15B13400720BA1 /* Networking */ = {
			isa = PBXGroup;
			children = (
				A07C30D52F15B16100720BA1 /* NetworkRequest */,
				A07C30D82F15B1AD00720BA1 /* NetworkManager */,
				A0387B032F185530007F9146 /* ReachabilityManager */,
				A07C30D62F15B16D00720BA1 /* Utils */,
			);
			path = Networking;
			sourceTree = "<group>";
		};
		A07C30D52F15B16100720BA1 /* NetworkRequest */ = {
			isa = PBXGroup;
			children = (
				A07C30DB2F15B20200720BA1 /* NetworkRequest.swift */,
				A07C30D92F15B1E800720BA1 /* NetworkRequest+Ext.swift */,
			);
			path = NetworkRequest;
			sourceTree = "<group>";
		};
		A07C30D62F15B16D00720BA1 /* Utils */ = {
			isa = PBXGroup;
			children = (
				A07C30E72F15B61600720BA1 /* NetworkError.swift */,
			);
			path = Utils;
			sourceTree = "<group>";
		};
		A07C30D82F15B1AD00720BA1 /* NetworkManager */ = {
			isa = PBXGroup;
			children = (
				A07C30DD2F15B3EE00720BA1 /* NetworkManagerInput.swift */,
				A07C30DF2F15B40800720BA1 /* NetworkManager.swift */,
				A07C30E92F15C04400720BA1 /* NetworkManager+Ext.swift */,
			);
			path = NetworkManager;
			sourceTree = "<group>";
		};
		A07C30F62F15E44500720BA1 /* Utils */ = {
			isa = PBXGroup;
			children = (
				A0387AFD2F18067F007F9146 /* UIKitLoadingView.swift */,
				A07C30F82F15E46F00720BA1 /* LoginRequest.swift */,
			);
			path = Utils;
			sourceTree = "<group>";
		};
		A0B028902F1C52DE00973650 /* FileStorageManager */ = {
			isa = PBXGroup;
			children = (
				A0B028982F1C539600973650 /* FileStorageManager.swift */,
			);
			path = FileStorageManager;
			sourceTree = "<group>";
		};
		A0B028912F1C52ED00973650 /* DefaultsStorageManager */ = {
			isa = PBXGroup;
			children = (
				A0B028922F1C531D00973650 /* DefaultsStorageManagerInput.swift */,
				A0B028942F1C534600973650 /* DefaultsStorageManager.swift */,
				A0B028962F1C536000973650 /* DefaultsStorageKey.swift */,
			);
			path = DefaultsStorageManager;
			sourceTree = "<group>";
		};
		A0B0289A2F1C547500973650 /* Extensions */ = {
			isa = PBXGroup;
			children = (
				A0B0289B2F1C549600973650 /* View+Extensions */,
				A0B0289E2F1C552300973650 /* Image+Extensions.swift */,
				A0560EF42F1E41CC00C9E4CC /* Date+Extensions.swift */,
				A0560EF82F1E420100C9E4CC /* Bool+Extensions.swift */,
				A05C6B4D2F27B9BD002DA56B /* Int+Extensions.swift */,
				A05C6B552F27CCC8002DA56B /* TimeInterval+Extensions.swift */,
			);
			path = Extensions;
			sourceTree = "<group>";
		};
		A0B0289B2F1C549600973650 /* View+Extensions */ = {
			isa = PBXGroup;
			children = (
				A0B0289C2F1C54B200973650 /* OnLoadModifier.swift */,
				A05CDC9F2F2A824A002E35D0 /* View+Extensions.swift */,
			);
			path = "View+Extensions";
			sourceTree = "<group>";
		};
		A0C63A172F0981570092621B /* App */ = {
			isa = PBXGroup;
			children = (
				A05C6B4C2F27AAAE002DA56B /* Info.plist */,
				A0C63A182F0981E00092621B /* Model */,
				A0C829DF2F0491560080DF4A /* GithubClientApp.swift */,
				A0387B0A2F1862EC007F9146 /* AppEnvironment.swift */,
				A0C63A152F09811C0092621B /* AppState.swift */,
				A0C829DE2F0491560080DF4A /* ContentView.swift */,
			);
			path = App;
			sourceTree = "<group>";
		};
		A0C63A182F0981E00092621B /* Model */ = {
			isa = PBXGroup;
			children = (
				A0C63A192F09821B0092621B /* AppFlow.swift */,
				A0C63AE92F12B1F50092621B /* Credentials.swift */,
				A0387B4E2F18D894007F9146 /* AppTheme.swift */,
			);
			path = Model;
			sourceTree = "<group>";
		};
		A0C63A1D2F09A3200092621B /* Scene */ = {
			isa = PBXGroup;
			children = (
				A0C63A1E2F09A33E0092621B /* Auth */,
				A0C63A1F2F09A3450092621B /* Main */,
			);
			path = Scene;
			sourceTree = "<group>";
		};
		A0C63A1E2F09A33E0092621B /* Auth */ = {
			isa = PBXGroup;
			children = (
				A0387B022F1822E5007F9146 /* LoginView */,
				A0387AF42F168316007F9146 /* AuthManager */,
				A07C30F62F15E44500720BA1 /* Utils */,
			);
			path = Auth;
			sourceTree = "<group>";
		};
		A0C63A1F2F09A3450092621B /* Main */ = {
			isa = PBXGroup;
			children = (
				A0387B362F18BF3C007F9146 /* MainFlowView.swift */,
				A0387B382F18BF46007F9146 /* MyRepositories */,
				A0387B3B2F18BFA3007F9146 /* AllUsers */,
				A0387B3C2F18BFB4007F9146 /* MusicPlayer */,
				A0387B3D2F18BFC4007F9146 /* Profile */,
			);
			path = Main;
			sourceTree = "<group>";
		};
		A0C63A352F106C850092621B /* Services */ = {
			isa = PBXGroup;
			children = (
				A0B028912F1C52ED00973650 /* DefaultsStorageManager */,
				A0B028902F1C52DE00973650 /* FileStorageManager */,
				A0C63AE62F12B0FE0092621B /* KeychainManager */,
				A07C30D42F15B13400720BA1 /* Networking */,
			);
			path = Services;
			sourceTree = "<group>";
		};
		A0C63AE62F12B0FE0092621B /* KeychainManager */ = {
			isa = PBXGroup;
			children = (
				A0C63AE72F12B1160092621B /* KeychainManagerInput.swift */,
				A0C63A362F106CA10092621B /* KeychainManager.swift */,
				A0C63AEB2F12B2800092621B /* KeychainError.swift */,
			);
			path = KeychainManager;
			sourceTree = "<group>";
		};
		A0C829E02F0491560080DF4A /* GithubClient */ = {
			isa = PBXGroup;
			children = (
				A0C63A172F0981570092621B /* App */,
				A0C63A352F106C850092621B /* Services */,
				A0C63A1D2F09A3200092621B /* Scene */,
				A0B0289A2F1C547500973650 /* Extensions */,
				A0560EEB2F1D813000C9E4CC /* Utils */,
				A0C829E62F0493310080DF4A /* Resources */,
			);
			path = GithubClient;
			sourceTree = "<group>";
		};
		A0C829E62F0493310080DF4A /* Resources */ = {
			isa = PBXGroup;
			children = (
				A0C829E72F0493A20080DF4A /* Launch Screen.storyboard */,
				A0C829E42F0491820080DF4A /* AppIcon.icon */,
				A0C829DD2F0491560080DF4A /* Assets.xcassets */,
				A0C829E92F0495E30080DF4A /* Colors.xcassets */,
			);
			path = Resources;
			sourceTree = "<group>";
		};
		A0FAED732F00664200CA1BE6 = {
			isa = PBXGroup;
			children = (
				A0C829E02F0491560080DF4A /* GithubClient */,
				A0FAED7D2F00664200CA1BE6 /* Products */,
			);
			sourceTree = "<group>";
		};
		A0FAED7D2F00664200CA1BE6 /* Products */ = {
			isa = PBXGroup;
			children = (
				A0FAED7C2F00664200CA1BE6 /* GithubClient.app */,
			);
			name = Products;
			sourceTree = "<group>";
		};
/* End PBXGroup section */

/* Begin PBXNativeTarget section */
		A0FAED7B2F00664200CA1BE6 /* GithubClient */ = {
			isa = PBXNativeTarget;
			buildConfigurationList = A0FAED872F00664400CA1BE6 /* Build configuration list for PBXNativeTarget "GithubClient" */;
			buildPhases = (
				A0FAED782F00664200CA1BE6 /* Sources */,
				A0FAED792F00664200CA1BE6 /* Frameworks */,
				A0FAED7A2F00664200CA1BE6 /* Resources */,
			);
			buildRules = (
			);
			dependencies = (
			);
			name = GithubClient;
			packageProductDependencies = (
			);
			productName = GithubClient;
			productReference = A0FAED7C2F00664200CA1BE6 /* GithubClient.app */;
			productType = "com.apple.product-type.application";
		};
/* End PBXNativeTarget section */

/* Begin PBXProject section */
		A0FAED742F00664200CA1BE6 /* Project object */ = {
			isa = PBXProject;
			attributes = {
				BuildIndependentTargetsInParallel = 1;
				LastSwiftUpdateCheck = 2620;
				LastUpgradeCheck = 2620;
				TargetAttributes = {
					A0FAED7B2F00664200CA1BE6 = {
						CreatedOnToolsVersion = 26.2;
					};
				};
			};
			buildConfigurationList = A0FAED772F00664200CA1BE6 /* Build configuration list for PBXProject "GithubClient" */;
			developmentRegion = en;
			hasScannedForEncodings = 0;
			knownRegions = (
				en,
				Base,
			);
			mainGroup = A0FAED732F00664200CA1BE6;
			minimizedProjectReferenceProxies = 1;
			preferredProjectObjectVersion = 77;
			productRefGroup = A0FAED7D2F00664200CA1BE6 /* Products */;
			projectDirPath = "";
			projectRoot = "";
			targets = (
				A0FAED7B2F00664200CA1BE6 /* GithubClient */,
			);
		};
/* End PBXProject section */

/* Begin PBXResourcesBuildPhase section */
		A0FAED7A2F00664200CA1BE6 /* Resources */ = {
			isa = PBXResourcesBuildPhase;
			buildActionMask = 2147483647;
			files = (
				A0C829E82F0493A20080DF4A /* Launch Screen.storyboard in Resources */,
				A07C30FB2F160EFF00720BA1 /* LoginViewController.xib in Resources */,
				A0C829EA2F0495E30080DF4A /* Colors.xcassets in Resources */,
				A0C829E32F0491560080DF4A /* Assets.xcassets in Resources */,
				A0C829E52F0491830080DF4A /* AppIcon.icon in Resources */,
			);
			runOnlyForDeploymentPostprocessing = 0;
		};
/* End PBXResourcesBuildPhase section */

/* Begin PBXSourcesBuildPhase section */
		A0FAED782F00664200CA1BE6 /* Sources */ = {
			isa = PBXSourcesBuildPhase;
			buildActionMask = 2147483647;
			files = (
				A07C30EE2F15DEE300720BA1 /* LoginViewController.swift in Sources */,
				A0560EF52F1E41CC00C9E4CC /* Date+Extensions.swift in Sources */,
				A07408632F1F2DB700CF6E6E /* AllUsersManager.swift in Sources */,
				A05C6B4B2F278222002DA56B /* AudioFileItem.swift in Sources */,
				A05CDC962F28EDD7002E35D0 /* AudioFileError.swift in Sources */,
				A05C6B4E2F27B9BD002DA56B /* Int+Extensions.swift in Sources */,
				A074086A2F1FA21100CF6E6E /* UserDetaisView.swift in Sources */,
				A0560EE12F1D5CCE00C9E4CC /* MyRepositoriesViewModel.swift in Sources */,
				A0387B432F18C03C007F9146 /* ProfileView.swift in Sources */,
				A0560EE72F1D5D9B00C9E4CC /* MyRepositoriesRequest.swift in Sources */,
				A07C30E02F15B40800720BA1 /* NetworkManager.swift in Sources */,
				A05CDC9A2F2A59E4002E35D0 /* NowPlayingView.swift in Sources */,
				A0C63A162F09811C0092621B /* AppState.swift in Sources */,
				A0387B372F18BF3C007F9146 /* MainFlowView.swift in Sources */,
				A0387AFE2F18067F007F9146 /* UIKitLoadingView.swift in Sources */,
				A0387B492F18CAF8007F9146 /* ProfileViewModel.swift in Sources */,
				A07408702F20122900CF6E6E /* ActivityIndicatorView.swift in Sources */,
				A0560EF92F1E420100C9E4CC /* Bool+Extensions.swift in Sources */,
				A0560EFC2F1E69FC00C9E4CC /* RemoteImage.swift in Sources */,
				A0C63A1A2F09821B0092621B /* AppFlow.swift in Sources */,
				A0560EFF2F1E6F3A00C9E4CC /* R.swift in Sources */,
				A07C30EA2F15C04400720BA1 /* NetworkManager+Ext.swift in Sources */,
				A0560EEE2F1D815C00C9E4CC /* NothingFoundView.swift in Sources */,
				A07408722F201A3C00CF6E6E /* UserDetaisViewModel.swift in Sources */,
				A0B028992F1C539600973650 /* FileStorageManager.swift in Sources */,
				A0560EF02F1E3FEA00C9E4CC /* MyRepositorycell.swift in Sources */,
				A0560EE42F1D5D0900C9E4CC /* Repository.swift in Sources */,
				A0387B4F2F18D894007F9146 /* AppTheme.swift in Sources */,
				A07C30DE2F15B3EE00720BA1 /* NetworkManagerInput.swift in Sources */,
				A07408762F201B0800CF6E6E /* UserDetailsRequest.swift in Sources */,
				A0560EEA2F1D6A5800C9E4CC /* MyRepositoriesManager.swift in Sources */,
				A0C829E12F0491560080DF4A /* ContentView.swift in Sources */,
				A0B028932F1C531D00973650 /* DefaultsStorageManagerInput.swift in Sources */,
				A0C63AEA2F12B1F50092621B /* Credentials.swift in Sources */,
				A07408602F1F2D5E00CF6E6E /* AllUsersViewModel.swift in Sources */,
				A0387B062F18554B007F9146 /* ReachabilityManagerInput.swift in Sources */,
				A05CDC982F2934C2002E35D0 /* AudioPlaybackManager.swift in Sources */,
				A07408652F1F511000CF6E6E /* User.swift in Sources */,
				A05CDCA02F2A824A002E35D0 /* View+Extensions.swift in Sources */,
				A07C30DC2F15B20200720BA1 /* NetworkRequest.swift in Sources */,
				A0387B3A2F18BF78007F9146 /* MyRepositoriesView.swift in Sources */,
				A0387B092F18559C007F9146 /* ReachabilityManager.swift in Sources */,
				A0C63AEC2F12B2800092621B /* KeychainError.swift in Sources */,
				A05C6B562F27CCC8002DA56B /* TimeInterval+Extensions.swift in Sources */,
				A0C4404F2F267A330079E46F /* AudioFileManager.swift in Sources */,
				A05CDC9C2F2A5A8A002E35D0 /* MiniPlayingView.swift in Sources */,
				A07C30EC2F15DE5200720BA1 /* LoginViewModel.swift in Sources */,
				A0387B4D2F18D7FE007F9146 /* SettingsView.swift in Sources */,
				A07C30F92F15E46F00720BA1 /* LoginRequest.swift in Sources */,
				A07C30E82F15B61600720BA1 /* NetworkError.swift in Sources */,
				A0C63AE82F12B1160092621B /* KeychainManagerInput.swift in Sources */,
				A0C63A372F106CA10092621B /* KeychainManager.swift in Sources */,
				A0560EF32F1E419200C9E4CC /* RepositoryPrivacy.swift in Sources */,
				A07408672F1F518800CF6E6E /* AllUsersRequest.swift in Sources */,
				A07C30F52F15E3AA00720BA1 /* AuthorizationManager.swift in Sources */,
				A0B0289F2F1C552300973650 /* Image+Extensions.swift in Sources */,
				A0B028972F1C536000973650 /* DefaultsStorageKey.swift in Sources */,
				A0B0289D2F1C54B200973650 /* OnLoadModifier.swift in Sources */,
				A07408782F213ED000CF6E6E /* PinchPanGestureOverlay.swift in Sources */,
				A05C6B542F27C5D3002DA56B /* ArtworkImage.swift in Sources */,
				A0387B412F18C02E007F9146 /* MusicPlayerView.swift in Sources */,
				A05C6B502F27C51A002DA56B /* AudioCell.swift in Sources */,
				A0C829E22F0491560080DF4A /* GithubClientApp.swift in Sources */,
				A07C30DA2F15B1E800720BA1 /* NetworkRequest+Ext.swift in Sources */,
				A0387B3F2F18C012007F9146 /* AllUsersView.swift in Sources */,
				A0387B0B2F1862EC007F9146 /* AppEnvironment.swift in Sources */,
				A0B028952F1C534600973650 /* DefaultsStorageManager.swift in Sources */,
				A05CDC9E2F2A5B7E002E35D0 /* ExpandedPlayingView.swift in Sources */,
				A074087A2F21460300CF6E6E /* PinchPanRemoteImage.swift in Sources */,
				A0C4404D2F2679E70079E46F /* MusicPlayerViewModel.swift in Sources */,
			);
			runOnlyForDeploymentPostprocessing = 0;
		};
/* End PBXSourcesBuildPhase section */

/* Begin XCBuildConfiguration section */
		A0FAED852F00664400CA1BE6 /* Debug */ = {
			isa = XCBuildConfiguration;
			buildSettings = {
				ALWAYS_SEARCH_USER_PATHS = NO;
				ASSETCATALOG_COMPILER_GENERATE_SWIFT_ASSET_SYMBOL_EXTENSIONS = YES;
				CLANG_ANALYZER_NONNULL = YES;
				CLANG_ANALYZER_NUMBER_OBJECT_CONVERSION = YES_AGGRESSIVE;
				CLANG_CXX_LANGUAGE_STANDARD = "gnu++20";
				CLANG_ENABLE_MODULES = YES;
				CLANG_ENABLE_OBJC_ARC = YES;
				CLANG_ENABLE_OBJC_WEAK = YES;
				CLANG_WARN_BLOCK_CAPTURE_AUTORELEASING = YES;
				CLANG_WARN_BOOL_CONVERSION = YES;
				CLANG_WARN_COMMA = YES;
				CLANG_WARN_CONSTANT_CONVERSION = YES;
				CLANG_WARN_DEPRECATED_OBJC_IMPLEMENTATIONS = YES;
				CLANG_WARN_DIRECT_OBJC_ISA_USAGE = YES_ERROR;
				CLANG_WARN_DOCUMENTATION_COMMENTS = YES;
				CLANG_WARN_EMPTY_BODY = YES;
				CLANG_WARN_ENUM_CONVERSION = YES;
				CLANG_WARN_INFINITE_RECURSION = YES;
				CLANG_WARN_INT_CONVERSION = YES;
				CLANG_WARN_NON_LITERAL_NULL_CONVERSION = YES;
				CLANG_WARN_OBJC_IMPLICIT_RETAIN_SELF = YES;
				CLANG_WARN_OBJC_LITERAL_CONVERSION = YES;
				CLANG_WARN_OBJC_ROOT_CLASS = YES_ERROR;
				CLANG_WARN_QUOTED_INCLUDE_IN_FRAMEWORK_HEADER = YES;
				CLANG_WARN_RANGE_LOOP_ANALYSIS = YES;
				CLANG_WARN_STRICT_PROTOTYPES = YES;
				CLANG_WARN_SUSPICIOUS_MOVE = YES;
				CLANG_WARN_UNGUARDED_AVAILABILITY = YES_AGGRESSIVE;
				CLANG_WARN_UNREACHABLE_CODE = YES;
				CLANG_WARN__DUPLICATE_METHOD_MATCH = YES;
				COPY_PHASE_STRIP = NO;
				DEBUG_INFORMATION_FORMAT = dwarf;
				DEVELOPMENT_TEAM = WNKKZ8JPHJ;
				ENABLE_STRICT_OBJC_MSGSEND = YES;
				ENABLE_TESTABILITY = YES;
				ENABLE_USER_SCRIPT_SANDBOXING = YES;
				GCC_C_LANGUAGE_STANDARD = gnu17;
				GCC_DYNAMIC_NO_PIC = NO;
				GCC_NO_COMMON_BLOCKS = YES;
				GCC_OPTIMIZATION_LEVEL = 0;
				GCC_PREPROCESSOR_DEFINITIONS = (
					"DEBUG=1",
					"$(inherited)",
				);
				GCC_WARN_64_TO_32_BIT_CONVERSION = YES;
				GCC_WARN_ABOUT_RETURN_TYPE = YES_ERROR;
				GCC_WARN_UNDECLARED_SELECTOR = YES;
				GCC_WARN_UNINITIALIZED_AUTOS = YES_AGGRESSIVE;
				GCC_WARN_UNUSED_FUNCTION = YES;
				GCC_WARN_UNUSED_VARIABLE = YES;
				IPHONEOS_DEPLOYMENT_TARGET = 26.2;
				LOCALIZATION_PREFERS_STRING_CATALOGS = YES;
				MTL_ENABLE_DEBUG_INFO = INCLUDE_SOURCE;
				MTL_FAST_MATH = YES;
				ONLY_ACTIVE_ARCH = YES;
				SDKROOT = iphoneos;
				SWIFT_ACTIVE_COMPILATION_CONDITIONS = "DEBUG $(inherited)";
				SWIFT_OPTIMIZATION_LEVEL = "-Onone";
			};
			name = Debug;
		};
		A0FAED862F00664400CA1BE6 /* Release */ = {
			isa = XCBuildConfiguration;
			buildSettings = {
				ALWAYS_SEARCH_USER_PATHS = NO;
				ASSETCATALOG_COMPILER_GENERATE_SWIFT_ASSET_SYMBOL_EXTENSIONS = YES;
				CLANG_ANALYZER_NONNULL = YES;
				CLANG_ANALYZER_NUMBER_OBJECT_CONVERSION = YES_AGGRESSIVE;
				CLANG_CXX_LANGUAGE_STANDARD = "gnu++20";
				CLANG_ENABLE_MODULES = YES;
				CLANG_ENABLE_OBJC_ARC = YES;
				CLANG_ENABLE_OBJC_WEAK = YES;
				CLANG_WARN_BLOCK_CAPTURE_AUTORELEASING = YES;
				CLANG_WARN_BOOL_CONVERSION = YES;
				CLANG_WARN_COMMA = YES;
				CLANG_WARN_CONSTANT_CONVERSION = YES;
				CLANG_WARN_DEPRECATED_OBJC_IMPLEMENTATIONS = YES;
				CLANG_WARN_DIRECT_OBJC_ISA_USAGE = YES_ERROR;
				CLANG_WARN_DOCUMENTATION_COMMENTS = YES;
				CLANG_WARN_EMPTY_BODY = YES;
				CLANG_WARN_ENUM_CONVERSION = YES;
				CLANG_WARN_INFINITE_RECURSION = YES;
				CLANG_WARN_INT_CONVERSION = YES;
				CLANG_WARN_NON_LITERAL_NULL_CONVERSION = YES;
				CLANG_WARN_OBJC_IMPLICIT_RETAIN_SELF = YES;
				CLANG_WARN_OBJC_LITERAL_CONVERSION = YES;
				CLANG_WARN_OBJC_ROOT_CLASS = YES_ERROR;
				CLANG_WARN_QUOTED_INCLUDE_IN_FRAMEWORK_HEADER = YES;
				CLANG_WARN_RANGE_LOOP_ANALYSIS = YES;
				CLANG_WARN_STRICT_PROTOTYPES = YES;
				CLANG_WARN_SUSPICIOUS_MOVE = YES;
				CLANG_WARN_UNGUARDED_AVAILABILITY = YES_AGGRESSIVE;
				CLANG_WARN_UNREACHABLE_CODE = YES;
				CLANG_WARN__DUPLICATE_METHOD_MATCH = YES;
				COPY_PHASE_STRIP = NO;
				DEBUG_INFORMATION_FORMAT = "dwarf-with-dsym";
				DEVELOPMENT_TEAM = WNKKZ8JPHJ;
				ENABLE_NS_ASSERTIONS = NO;
				ENABLE_STRICT_OBJC_MSGSEND = YES;
				ENABLE_USER_SCRIPT_SANDBOXING = YES;
				GCC_C_LANGUAGE_STANDARD = gnu17;
				GCC_NO_COMMON_BLOCKS = YES;
				GCC_WARN_64_TO_32_BIT_CONVERSION = YES;
				GCC_WARN_ABOUT_RETURN_TYPE = YES_ERROR;
				GCC_WARN_UNDECLARED_SELECTOR = YES;
				GCC_WARN_UNINITIALIZED_AUTOS = YES_AGGRESSIVE;
				GCC_WARN_UNUSED_FUNCTION = YES;
				GCC_WARN_UNUSED_VARIABLE = YES;
				IPHONEOS_DEPLOYMENT_TARGET = 26.2;
				LOCALIZATION_PREFERS_STRING_CATALOGS = YES;
				MTL_ENABLE_DEBUG_INFO = NO;
				MTL_FAST_MATH = YES;
				SDKROOT = iphoneos;
				SWIFT_COMPILATION_MODE = wholemodule;
				VALIDATE_PRODUCT = YES;
			};
			name = Release;
		};
		A0FAED882F00664400CA1BE6 /* Debug */ = {
			isa = XCBuildConfiguration;
			buildSettings = {
				ASSETCATALOG_COMPILER_APPICON_NAME = AppIcon;
				ASSETCATALOG_COMPILER_GLOBAL_ACCENT_COLOR_NAME = AccentColor;
				CODE_SIGN_STYLE = Automatic;
				CURRENT_PROJECT_VERSION = 1;
				DEVELOPMENT_TEAM = WNKKZ8JPHJ;
				ENABLE_PREVIEWS = YES;
				GENERATE_INFOPLIST_FILE = YES;
				INFOPLIST_FILE = GithubClient/App/Info.plist;
				INFOPLIST_KEY_LSSupportsOpeningDocumentsInPlace = YES;
				INFOPLIST_KEY_UIApplicationSceneManifest_Generation = YES;
				INFOPLIST_KEY_UIApplicationSupportsIndirectInputEvents = YES;
				INFOPLIST_KEY_UILaunchScreen_Generation = YES;
				INFOPLIST_KEY_UILaunchStoryboardName = "Launch Screen";
				INFOPLIST_KEY_UISupportedInterfaceOrientations_iPad = "UIInterfaceOrientationPortrait UIInterfaceOrientationPortraitUpsideDown UIInterfaceOrientationLandscapeLeft UIInterfaceOrientationLandscapeRight";
				INFOPLIST_KEY_UISupportedInterfaceOrientations_iPhone = "UIInterfaceOrientationPortrait UIInterfaceOrientationLandscapeLeft UIInterfaceOrientationLandscapeRight";
				IPHONEOS_DEPLOYMENT_TARGET = 17.0;
				LD_RUNPATH_SEARCH_PATHS = (
					"$(inherited)",
					"@executable_path/Frameworks",
				);
				MARKETING_VERSION = 1.0;
				PRODUCT_BUNDLE_IDENTIFIER = com.example.zaven.GithubClient;
				PRODUCT_NAME = "$(TARGET_NAME)";
				STRING_CATALOG_GENERATE_SYMBOLS = YES;
				SWIFT_APPROACHABLE_CONCURRENCY = YES;
				SWIFT_DEFAULT_ACTOR_ISOLATION = MainActor;
				SWIFT_EMIT_LOC_STRINGS = YES;
				SWIFT_UPCOMING_FEATURE_MEMBER_IMPORT_VISIBILITY = YES;
				SWIFT_VERSION = 5.0;
				TARGETED_DEVICE_FAMILY = "1,2";
			};
			name = Debug;
		};
		A0FAED892F00664400CA1BE6 /* Release */ = {
			isa = XCBuildConfiguration;
			buildSettings = {
				ASSETCATALOG_COMPILER_APPICON_NAME = AppIcon;
				ASSETCATALOG_COMPILER_GLOBAL_ACCENT_COLOR_NAME = AccentColor;
				CODE_SIGN_STYLE = Automatic;
				CURRENT_PROJECT_VERSION = 1;
				DEVELOPMENT_TEAM = WNKKZ8JPHJ;
				ENABLE_PREVIEWS = YES;
				GENERATE_INFOPLIST_FILE = YES;
				INFOPLIST_FILE = GithubClient/App/Info.plist;
				INFOPLIST_KEY_LSSupportsOpeningDocumentsInPlace = YES;
				INFOPLIST_KEY_UIApplicationSceneManifest_Generation = YES;
				INFOPLIST_KEY_UIApplicationSupportsIndirectInputEvents = YES;
				INFOPLIST_KEY_UILaunchScreen_Generation = YES;
				INFOPLIST_KEY_UILaunchStoryboardName = "Launch Screen";
				INFOPLIST_KEY_UISupportedInterfaceOrientations_iPad = "UIInterfaceOrientationPortrait UIInterfaceOrientationPortraitUpsideDown UIInterfaceOrientationLandscapeLeft UIInterfaceOrientationLandscapeRight";
				INFOPLIST_KEY_UISupportedInterfaceOrientations_iPhone = "UIInterfaceOrientationPortrait UIInterfaceOrientationLandscapeLeft UIInterfaceOrientationLandscapeRight";
				IPHONEOS_DEPLOYMENT_TARGET = 17.0;
				LD_RUNPATH_SEARCH_PATHS = (
					"$(inherited)",
					"@executable_path/Frameworks",
				);
				MARKETING_VERSION = 1.0;
				PRODUCT_BUNDLE_IDENTIFIER = com.example.zaven.GithubClient;
				PRODUCT_NAME = "$(TARGET_NAME)";
				STRING_CATALOG_GENERATE_SYMBOLS = YES;
				SWIFT_APPROACHABLE_CONCURRENCY = YES;
				SWIFT_DEFAULT_ACTOR_ISOLATION = MainActor;
				SWIFT_EMIT_LOC_STRINGS = YES;
				SWIFT_UPCOMING_FEATURE_MEMBER_IMPORT_VISIBILITY = YES;
				SWIFT_VERSION = 5.0;
				TARGETED_DEVICE_FAMILY = "1,2";
			};
			name = Release;
		};
/* End XCBuildConfiguration section */

/* Begin XCConfigurationList section */
		A0FAED772F00664200CA1BE6 /* Build configuration list for PBXProject "GithubClient" */ = {
			isa = XCConfigurationList;
			buildConfigurations = (
				A0FAED852F00664400CA1BE6 /* Debug */,
				A0FAED862F00664400CA1BE6 /* Release */,
			);
			defaultConfigurationIsVisible = 0;
			defaultConfigurationName = Release;
		};
		A0FAED872F00664400CA1BE6 /* Build configuration list for PBXNativeTarget "GithubClient" */ = {
			isa = XCConfigurationList;
			buildConfigurations = (
				A0FAED882F00664400CA1BE6 /* Debug */,
				A0FAED892F00664400CA1BE6 /* Release */,
			);
			defaultConfigurationIsVisible = 0;
			defaultConfigurationName = Release;
		};
/* End XCConfigurationList section */
	};
	rootObject = A0FAED742F00664200CA1BE6 /* Project object */;
}
