// !$*UTF8*$!
{
	archiveVersion = 1;
	classes = {
	};
	objectVersion = 77;
	objects = {

/* Begin PBXBuildFile section */
		A0C63A162F09811C0092621B /* AppState.swift in Sources */ = {isa = PBXBuildFile; fileRef = A0C63A152F09811C0092621B /* AppState.swift */; };
		A0C63A1A2F09821B0092621B /* AppFlow.swift in Sources */ = {isa = PBXBuildFile; fileRef = A0C63A192F09821B0092621B /* AppFlow.swift */; };
		A0C63A372F106CA10092621B /* KeychainService.swift in Sources */ = {isa = PBXBuildFile; fileRef = A0C63A362F106CA10092621B /* KeychainService.swift */; };
		A0C63AE82F12B1160092621B /* KeychainServiceProtocol.swift in Sources */ = {isa = PBXBuildFile; fileRef = A0C63AE72F12B1160092621B /* KeychainServiceProtocol.swift */; };
		A0C63AEA2F12B1F50092621B /* Credentials.swift in Sources */ = {isa = PBXBuildFile; fileRef = A0C63AE92F12B1F50092621B /* Credentials.swift */; };
		A0C63AEC2F12B2800092621B /* KeychainError.swift in Sources */ = {isa = PBXBuildFile; fileRef = A0C63AEB2F12B2800092621B /* KeychainError.swift */; };
		A0C829E12F0491560080DF4A /* ContentView.swift in Sources */ = {isa = PBXBuildFile; fileRef = A0C829DE2F0491560080DF4A /* ContentView.swift */; };
		A0C829E22F0491560080DF4A /* GithubClientApp.swift in Sources */ = {isa = PBXBuildFile; fileRef = A0C829DF2F0491560080DF4A /* GithubClientApp.swift */; };
		A0C829E32F0491560080DF4A /* Assets.xcassets in Resources */ = {isa = PBXBuildFile; fileRef = A0C829DD2F0491560080DF4A /* Assets.xcassets */; };
		A0C829E52F0491830080DF4A /* AppIcon.icon in Resources */ = {isa = PBXBuildFile; fileRef = A0C829E42F0491820080DF4A /* AppIcon.icon */; };
		A0C829E82F0493A20080DF4A /* Launch Screen.storyboard in Resources */ = {isa = PBXBuildFile; fileRef = A0C829E72F0493A20080DF4A /* Launch Screen.storyboard */; };
		A0C829EA2F0495E30080DF4A /* Colors.xcassets in Resources */ = {isa = PBXBuildFile; fileRef = A0C829E92F0495E30080DF4A /* Colors.xcassets */; };
/* End PBXBuildFile section */

/* Begin PBXFileReference section */
		A0C63A152F09811C0092621B /* AppState.swift */ = {isa = PBXFileReference; lastKnownFileType = sourcecode.swift; path = AppState.swift; sourceTree = "<group>"; };
		A0C63A192F09821B0092621B /* AppFlow.swift */ = {isa = PBXFileReference; lastKnownFileType = sourcecode.swift; path = AppFlow.swift; sourceTree = "<group>"; };
		A0C63A362F106CA10092621B /* KeychainService.swift */ = {isa = PBXFileReference; lastKnownFileType = sourcecode.swift; path = KeychainService.swift; sourceTree = "<group>"; };
		A0C63AE72F12B1160092621B /* KeychainServiceProtocol.swift */ = {isa = PBXFileReference; lastKnownFileType = sourcecode.swift; path = KeychainServiceProtocol.swift; sourceTree = "<group>"; };
		A0C63AE92F12B1F50092621B /* Credentials.swift */ = {isa = PBXFileReference; lastKnownFileType = sourcecode.swift; path = Credentials.swift; sourceTree = "<group>"; };
		A0C63AEB2F12B2800092621B /* KeychainError.swift */ = {isa = PBXFileReference; lastKnownFileType = sourcecode.swift; path = KeychainError.swift; sourceTree = "<group>"; };
		A0C829DD2F0491560080DF4A /* Assets.xcassets */ = {isa = PBXFileReference; lastKnownFileType = folder.assetcatalog; path = Assets.xcassets; sourceTree = "<group>"; };
		A0C829DE2F0491560080DF4A /* ContentView.swift */ = {isa = PBXFileReference; lastKnownFileType = sourcecode.swift; path = ContentView.swift; sourceTree = "<group>"; };
		A0C829DF2F0491560080DF4A /* GithubClientApp.swift */ = {isa = PBXFileReference; lastKnownFileType = sourcecode.swift; path = GithubClientApp.swift; sourceTree = "<group>"; };
		A0C829E42F0491820080DF4A /* AppIcon.icon */ = {isa = PBXFileReference; lastKnownFileType = folder.iconcomposer.icon; path = AppIcon.icon; sourceTree = "<group>"; };
		A0C829E72F0493A20080DF4A /* Launch Screen.storyboard */ = {isa = PBXFileReference; lastKnownFileType = file.storyboard; path = "Launch Screen.storyboard"; sourceTree = "<group>"; };
		A0C829E92F0495E30080DF4A /* Colors.xcassets */ = {isa = PBXFileReference; lastKnownFileType = folder.assetcatalog; path = Colors.xcassets; sourceTree = "<group>"; };
		A0FAED7C2F00664200CA1BE6 /* GithubClient.app */ = {isa = PBXFileReference; explicitFileType = wrapper.application; includeInIndex = 0; path = GithubClient.app; sourceTree = BUILT_PRODUCTS_DIR; };
/* End PBXFileReference section */

/* Begin PBXFrameworksBuildPhase section */
		A0FAED792F00664200CA1BE6 /* Frameworks */ = {
			isa = PBXFrameworksBuildPhase;
			buildActionMask = 2147483647;
			files = (
			);
			runOnlyForDeploymentPostprocessing = 0;
		};
/* End PBXFrameworksBuildPhase section */

/* Begin PBXGroup section */
		A0C63A172F0981570092621B /* App */ = {
			isa = PBXGroup;
			children = (
				A0C63A182F0981E00092621B /* Model */,
				A0C63A152F09811C0092621B /* AppState.swift */,
				A0C829DE2F0491560080DF4A /* ContentView.swift */,
				A0C829DF2F0491560080DF4A /* GithubClientApp.swift */,
			);
			path = App;
			sourceTree = "<group>";
		};
		A0C63A182F0981E00092621B /* Model */ = {
			isa = PBXGroup;
			children = (
				A0C63A192F09821B0092621B /* AppFlow.swift */,
				A0C63AE92F12B1F50092621B /* Credentials.swift */,
			);
			path = Model;
			sourceTree = "<group>";
		};
		A0C63A1D2F09A3200092621B /* Scene */ = {
			isa = PBXGroup;
			children = (
				A0C63A1E2F09A33E0092621B /* Auth */,
				A0C63A1F2F09A3450092621B /* Main */,
			);
			path = Scene;
			sourceTree = "<group>";
		};
		A0C63A1E2F09A33E0092621B /* Auth */ = {
			isa = PBXGroup;
			children = (
			);
			path = Auth;
			sourceTree = "<group>";
		};
		A0C63A1F2F09A3450092621B /* Main */ = {
			isa = PBXGroup;
			children = (
			);
			path = Main;
			sourceTree = "<group>";
		};
		A0C63A352F106C850092621B /* Services */ = {
			isa = PBXGroup;
			children = (
				A0C63AE62F12B0FE0092621B /* KeychainService */,
			);
			path = Services;
			sourceTree = "<group>";
		};
		A0C63AE62F12B0FE0092621B /* KeychainService */ = {
			isa = PBXGroup;
			children = (
				A0C63AE72F12B1160092621B /* KeychainServiceProtocol.swift */,
				A0C63A362F106CA10092621B /* KeychainService.swift */,
				A0C63AEB2F12B2800092621B /* KeychainError.swift */,
			);
			path = KeychainService;
			sourceTree = "<group>";
		};
		A0C829E02F0491560080DF4A /* GithubClient */ = {
			isa = PBXGroup;
			children = (
				A0C63A172F0981570092621B /* App */,
				A0C63A352F106C850092621B /* Services */,
				A0C63A1D2F09A3200092621B /* Scene */,
				A0C829E62F0493310080DF4A /* Resources */,
			);
			path = GithubClient;
			sourceTree = "<group>";
		};
		A0C829E62F0493310080DF4A /* Resources */ = {
			isa = PBXGroup;
			children = (
				A0C829E72F0493A20080DF4A /* Launch Screen.storyboard */,
				A0C829E42F0491820080DF4A /* AppIcon.icon */,
				A0C829DD2F0491560080DF4A /* Assets.xcassets */,
				A0C829E92F0495E30080DF4A /* Colors.xcassets */,
			);
			path = Resources;
			sourceTree = "<group>";
		};
		A0FAED732F00664200CA1BE6 = {
			isa = PBXGroup;
			children = (
				A0C829E02F0491560080DF4A /* GithubClient */,
				A0FAED7D2F00664200CA1BE6 /* Products */,
			);
			sourceTree = "<group>";
		};
		A0FAED7D2F00664200CA1BE6 /* Products */ = {
			isa = PBXGroup;
			children = (
				A0FAED7C2F00664200CA1BE6 /* GithubClient.app */,
			);
			name = Products;
			sourceTree = "<group>";
		};
/* End PBXGroup section */

/* Begin PBXNativeTarget section */
		A0FAED7B2F00664200CA1BE6 /* GithubClient */ = {
			isa = PBXNativeTarget;
			buildConfigurationList = A0FAED872F00664400CA1BE6 /* Build configuration list for PBXNativeTarget "GithubClient" */;
			buildPhases = (
				A0FAED782F00664200CA1BE6 /* Sources */,
				A0FAED792F00664200CA1BE6 /* Frameworks */,
				A0FAED7A2F00664200CA1BE6 /* Resources */,
			);
			buildRules = (
			);
			dependencies = (
			);
			name = GithubClient;
			packageProductDependencies = (
			);
			productName = GithubClient;
			productReference = A0FAED7C2F00664200CA1BE6 /* GithubClient.app */;
			productType = "com.apple.product-type.application";
		};
/* End PBXNativeTarget section */

/* Begin PBXProject section */
		A0FAED742F00664200CA1BE6 /* Project object */ = {
			isa = PBXProject;
			attributes = {
				BuildIndependentTargetsInParallel = 1;
				LastSwiftUpdateCheck = 2620;
				LastUpgradeCheck = 2620;
				TargetAttributes = {
					A0FAED7B2F00664200CA1BE6 = {
						CreatedOnToolsVersion = 26.2;
					};
				};
			};
			buildConfigurationList = A0FAED772F00664200CA1BE6 /* Build configuration list for PBXProject "GithubClient" */;
			developmentRegion = en;
			hasScannedForEncodings = 0;
			knownRegions = (
				en,
				Base,
			);
			mainGroup = A0FAED732F00664200CA1BE6;
			minimizedProjectReferenceProxies = 1;
			preferredProjectObjectVersion = 77;
			productRefGroup = A0FAED7D2F00664200CA1BE6 /* Products */;
			projectDirPath = "";
			projectRoot = "";
			targets = (
				A0FAED7B2F00664200CA1BE6 /* GithubClient */,
			);
		};
/* End PBXProject section */

/* Begin PBXResourcesBuildPhase section */
		A0FAED7A2F00664200CA1BE6 /* Resources */ = {
			isa = PBXResourcesBuildPhase;
			buildActionMask = 2147483647;
			files = (
				A0C829E82F0493A20080DF4A /* Launch Screen.storyboard in Resources */,
				A0C829EA2F0495E30080DF4A /* Colors.xcassets in Resources */,
				A0C829E32F0491560080DF4A /* Assets.xcassets in Resources */,
				A0C829E52F0491830080DF4A /* AppIcon.icon in Resources */,
			);
			runOnlyForDeploymentPostprocessing = 0;
		};
/* End PBXResourcesBuildPhase section */

/* Begin PBXSourcesBuildPhase section */
		A0FAED782F00664200CA1BE6 /* Sources */ = {
			isa = PBXSourcesBuildPhase;
			buildActionMask = 2147483647;
			files = (
				A0C63A162F09811C0092621B /* AppState.swift in Sources */,
				A0C63A1A2F09821B0092621B /* AppFlow.swift in Sources */,
				A0C829E12F0491560080DF4A /* ContentView.swift in Sources */,
				A0C63AEA2F12B1F50092621B /* Credentials.swift in Sources */,
				A0C63AEC2F12B2800092621B /* KeychainError.swift in Sources */,
				A0C63AE82F12B1160092621B /* KeychainServiceProtocol.swift in Sources */,
				A0C63A372F106CA10092621B /* KeychainService.swift in Sources */,
				A0C829E22F0491560080DF4A /* GithubClientApp.swift in Sources */,
			);
			runOnlyForDeploymentPostprocessing = 0;
		};
/* End PBXSourcesBuildPhase section */

/* Begin XCBuildConfiguration section */
		A0FAED852F00664400CA1BE6 /* Debug */ = {
			isa = XCBuildConfiguration;
			buildSettings = {
				ALWAYS_SEARCH_USER_PATHS = NO;
				ASSETCATALOG_COMPILER_GENERATE_SWIFT_ASSET_SYMBOL_EXTENSIONS = YES;
				CLANG_ANALYZER_NONNULL = YES;
				CLANG_ANALYZER_NUMBER_OBJECT_CONVERSION = YES_AGGRESSIVE;
				CLANG_CXX_LANGUAGE_STANDARD = "gnu++20";
				CLANG_ENABLE_MODULES = YES;
				CLANG_ENABLE_OBJC_ARC = YES;
				CLANG_ENABLE_OBJC_WEAK = YES;
				CLANG_WARN_BLOCK_CAPTURE_AUTORELEASING = YES;
				CLANG_WARN_BOOL_CONVERSION = YES;
				CLANG_WARN_COMMA = YES;
				CLANG_WARN_CONSTANT_CONVERSION = YES;
				CLANG_WARN_DEPRECATED_OBJC_IMPLEMENTATIONS = YES;
				CLANG_WARN_DIRECT_OBJC_ISA_USAGE = YES_ERROR;
				CLANG_WARN_DOCUMENTATION_COMMENTS = YES;
				CLANG_WARN_EMPTY_BODY = YES;
				CLANG_WARN_ENUM_CONVERSION = YES;
				CLANG_WARN_INFINITE_RECURSION = YES;
				CLANG_WARN_INT_CONVERSION = YES;
				CLANG_WARN_NON_LITERAL_NULL_CONVERSION = YES;
				CLANG_WARN_OBJC_IMPLICIT_RETAIN_SELF = YES;
				CLANG_WARN_OBJC_LITERAL_CONVERSION = YES;
				CLANG_WARN_OBJC_ROOT_CLASS = YES_ERROR;
				CLANG_WARN_QUOTED_INCLUDE_IN_FRAMEWORK_HEADER = YES;
				CLANG_WARN_RANGE_LOOP_ANALYSIS = YES;
				CLANG_WARN_STRICT_PROTOTYPES = YES;
				CLANG_WARN_SUSPICIOUS_MOVE = YES;
				CLANG_WARN_UNGUARDED_AVAILABILITY = YES_AGGRESSIVE;
				CLANG_WARN_UNREACHABLE_CODE = YES;
				CLANG_WARN__DUPLICATE_METHOD_MATCH = YES;
				COPY_PHASE_STRIP = NO;
				DEBUG_INFORMATION_FORMAT = dwarf;
				DEVELOPMENT_TEAM = WNKKZ8JPHJ;
				ENABLE_STRICT_OBJC_MSGSEND = YES;
				ENABLE_TESTABILITY = YES;
				ENABLE_USER_SCRIPT_SANDBOXING = YES;
				GCC_C_LANGUAGE_STANDARD = gnu17;
				GCC_DYNAMIC_NO_PIC = NO;
				GCC_NO_COMMON_BLOCKS = YES;
				GCC_OPTIMIZATION_LEVEL = 0;
				GCC_PREPROCESSOR_DEFINITIONS = (
					"DEBUG=1",
					"$(inherited)",
				);
				GCC_WARN_64_TO_32_BIT_CONVERSION = YES;
				GCC_WARN_ABOUT_RETURN_TYPE = YES_ERROR;
				GCC_WARN_UNDECLARED_SELECTOR = YES;
				GCC_WARN_UNINITIALIZED_AUTOS = YES_AGGRESSIVE;
				GCC_WARN_UNUSED_FUNCTION = YES;
				GCC_WARN_UNUSED_VARIABLE = YES;
				IPHONEOS_DEPLOYMENT_TARGET = 26.2;
				LOCALIZATION_PREFERS_STRING_CATALOGS = YES;
				MTL_ENABLE_DEBUG_INFO = INCLUDE_SOURCE;
				MTL_FAST_MATH = YES;
				ONLY_ACTIVE_ARCH = YES;
				SDKROOT = iphoneos;
				SWIFT_ACTIVE_COMPILATION_CONDITIONS = "DEBUG $(inherited)";
				SWIFT_OPTIMIZATION_LEVEL = "-Onone";
			};
			name = Debug;
		};
		A0FAED862F00664400CA1BE6 /* Release */ = {
			isa = XCBuildConfiguration;
			buildSettings = {
				ALWAYS_SEARCH_USER_PATHS = NO;
				ASSETCATALOG_COMPILER_GENERATE_SWIFT_ASSET_SYMBOL_EXTENSIONS = YES;
				CLANG_ANALYZER_NONNULL = YES;
				CLANG_ANALYZER_NUMBER_OBJECT_CONVERSION = YES_AGGRESSIVE;
				CLANG_CXX_LANGUAGE_STANDARD = "gnu++20";
				CLANG_ENABLE_MODULES = YES;
				CLANG_ENABLE_OBJC_ARC = YES;
				CLANG_ENABLE_OBJC_WEAK = YES;
				CLANG_WARN_BLOCK_CAPTURE_AUTORELEASING = YES;
				CLANG_WARN_BOOL_CONVERSION = YES;
				CLANG_WARN_COMMA = YES;
				CLANG_WARN_CONSTANT_CONVERSION = YES;
				CLANG_WARN_DEPRECATED_OBJC_IMPLEMENTATIONS = YES;
				CLANG_WARN_DIRECT_OBJC_ISA_USAGE = YES_ERROR;
				CLANG_WARN_DOCUMENTATION_COMMENTS = YES;
				CLANG_WARN_EMPTY_BODY = YES;
				CLANG_WARN_ENUM_CONVERSION = YES;
				CLANG_WARN_INFINITE_RECURSION = YES;
				CLANG_WARN_INT_CONVERSION = YES;
				CLANG_WARN_NON_LITERAL_NULL_CONVERSION = YES;
				CLANG_WARN_OBJC_IMPLICIT_RETAIN_SELF = YES;
				CLANG_WARN_OBJC_LITERAL_CONVERSION = YES;
				CLANG_WARN_OBJC_ROOT_CLASS = YES_ERROR;
				CLANG_WARN_QUOTED_INCLUDE_IN_FRAMEWORK_HEADER = YES;
				CLANG_WARN_RANGE_LOOP_ANALYSIS = YES;
				CLANG_WARN_STRICT_PROTOTYPES = YES;
				CLANG_WARN_SUSPICIOUS_MOVE = YES;
				CLANG_WARN_UNGUARDED_AVAILABILITY = YES_AGGRESSIVE;
				CLANG_WARN_UNREACHABLE_CODE = YES;
				CLANG_WARN__DUPLICATE_METHOD_MATCH = YES;
				COPY_PHASE_STRIP = NO;
				DEBUG_INFORMATION_FORMAT = "dwarf-with-dsym";
				DEVELOPMENT_TEAM = WNKKZ8JPHJ;
				ENABLE_NS_ASSERTIONS = NO;
				ENABLE_STRICT_OBJC_MSGSEND = YES;
				ENABLE_USER_SCRIPT_SANDBOXING = YES;
				GCC_C_LANGUAGE_STANDARD = gnu17;
				GCC_NO_COMMON_BLOCKS = YES;
				GCC_WARN_64_TO_32_BIT_CONVERSION = YES;
				GCC_WARN_ABOUT_RETURN_TYPE = YES_ERROR;
				GCC_WARN_UNDECLARED_SELECTOR = YES;
				GCC_WARN_UNINITIALIZED_AUTOS = YES_AGGRESSIVE;
				GCC_WARN_UNUSED_FUNCTION = YES;
				GCC_WARN_UNUSED_VARIABLE = YES;
				IPHONEOS_DEPLOYMENT_TARGET = 26.2;
				LOCALIZATION_PREFERS_STRING_CATALOGS = YES;
				MTL_ENABLE_DEBUG_INFO = NO;
				MTL_FAST_MATH = YES;
				SDKROOT = iphoneos;
				SWIFT_COMPILATION_MODE = wholemodule;
				VALIDATE_PRODUCT = YES;
			};
			name = Release;
		};
		A0FAED882F00664400CA1BE6 /* Debug */ = {
			isa = XCBuildConfiguration;
			buildSettings = {
				ASSETCATALOG_COMPILER_APPICON_NAME = AppIcon;
				ASSETCATALOG_COMPILER_GLOBAL_ACCENT_COLOR_NAME = AccentColor;
				CODE_SIGN_STYLE = Automatic;
				CURRENT_PROJECT_VERSION = 1;
				DEVELOPMENT_TEAM = WNKKZ8JPHJ;
				ENABLE_PREVIEWS = YES;
				GENERATE_INFOPLIST_FILE = YES;
				INFOPLIST_KEY_UIApplicationSceneManifest_Generation = YES;
				INFOPLIST_KEY_UIApplicationSupportsIndirectInputEvents = YES;
				INFOPLIST_KEY_UILaunchScreen_Generation = YES;
				INFOPLIST_KEY_UILaunchStoryboardName = "Launch Screen";
				INFOPLIST_KEY_UISupportedInterfaceOrientations_iPad = "UIInterfaceOrientationPortrait UIInterfaceOrientationPortraitUpsideDown UIInterfaceOrientationLandscapeLeft UIInterfaceOrientationLandscapeRight";
				INFOPLIST_KEY_UISupportedInterfaceOrientations_iPhone = "UIInterfaceOrientationPortrait UIInterfaceOrientationLandscapeLeft UIInterfaceOrientationLandscapeRight";
				IPHONEOS_DEPLOYMENT_TARGET = 17.0;
				LD_RUNPATH_SEARCH_PATHS = (
					"$(inherited)",
					"@executable_path/Frameworks",
				);
				MARKETING_VERSION = 1.0;
				PRODUCT_BUNDLE_IDENTIFIER = com.example.zaven.GithubClient;
				PRODUCT_NAME = "$(TARGET_NAME)";
				STRING_CATALOG_GENERATE_SYMBOLS = YES;
				SWIFT_APPROACHABLE_CONCURRENCY = YES;
				SWIFT_DEFAULT_ACTOR_ISOLATION = MainActor;
				SWIFT_EMIT_LOC_STRINGS = YES;
				SWIFT_UPCOMING_FEATURE_MEMBER_IMPORT_VISIBILITY = YES;
				SWIFT_VERSION = 5.0;
				TARGETED_DEVICE_FAMILY = "1,2";
			};
			name = Debug;
		};
		A0FAED892F00664400CA1BE6 /* Release */ = {
			isa = XCBuildConfiguration;
			buildSettings = {
				ASSETCATALOG_COMPILER_APPICON_NAME = AppIcon;
				ASSETCATALOG_COMPILER_GLOBAL_ACCENT_COLOR_NAME = AccentColor;
				CODE_SIGN_STYLE = Automatic;
				CURRENT_PROJECT_VERSION = 1;
				DEVELOPMENT_TEAM = WNKKZ8JPHJ;
				ENABLE_PREVIEWS = YES;
				GENERATE_INFOPLIST_FILE = YES;
				INFOPLIST_KEY_UIApplicationSceneManifest_Generation = YES;
				INFOPLIST_KEY_UIApplicationSupportsIndirectInputEvents = YES;
				INFOPLIST_KEY_UILaunchScreen_Generation = YES;
				INFOPLIST_KEY_UILaunchStoryboardName = "Launch Screen";
				INFOPLIST_KEY_UISupportedInterfaceOrientations_iPad = "UIInterfaceOrientationPortrait UIInterfaceOrientationPortraitUpsideDown UIInterfaceOrientationLandscapeLeft UIInterfaceOrientationLandscapeRight";
				INFOPLIST_KEY_UISupportedInterfaceOrientations_iPhone = "UIInterfaceOrientationPortrait UIInterfaceOrientationLandscapeLeft UIInterfaceOrientationLandscapeRight";
				IPHONEOS_DEPLOYMENT_TARGET = 17.0;
				LD_RUNPATH_SEARCH_PATHS = (
					"$(inherited)",
					"@executable_path/Frameworks",
				);
				MARKETING_VERSION = 1.0;
				PRODUCT_BUNDLE_IDENTIFIER = com.example.zaven.GithubClient;
				PRODUCT_NAME = "$(TARGET_NAME)";
				STRING_CATALOG_GENERATE_SYMBOLS = YES;
				SWIFT_APPROACHABLE_CONCURRENCY = YES;
				SWIFT_DEFAULT_ACTOR_ISOLATION = MainActor;
				SWIFT_EMIT_LOC_STRINGS = YES;
				SWIFT_UPCOMING_FEATURE_MEMBER_IMPORT_VISIBILITY = YES;
				SWIFT_VERSION = 5.0;
				TARGETED_DEVICE_FAMILY = "1,2";
			};
			name = Release;
		};
/* End XCBuildConfiguration section */

/* Begin XCConfigurationList section */
		A0FAED772F00664200CA1BE6 /* Build configuration list for PBXProject "GithubClient" */ = {
			isa = XCConfigurationList;
			buildConfigurations = (
				A0FAED852F00664400CA1BE6 /* Debug */,
				A0FAED862F00664400CA1BE6 /* Release */,
			);
			defaultConfigurationIsVisible = 0;
			defaultConfigurationName = Release;
		};
		A0FAED872F00664400CA1BE6 /* Build configuration list for PBXNativeTarget "GithubClient" */ = {
			isa = XCConfigurationList;
			buildConfigurations = (
				A0FAED882F00664400CA1BE6 /* Debug */,
				A0FAED892F00664400CA1BE6 /* Release */,
			);
			defaultConfigurationIsVisible = 0;
			defaultConfigurationName = Release;
		};
/* End XCConfigurationList section */
	};
	rootObject = A0FAED742F00664200CA1BE6 /* Project object */;
}
